
Microsoft Visual Studio Solution File, Format Version 12.00
# Visual Studio Version 17
VisualStudioVersion = 17.5.33627.172
MinimumVisualStudioVersion = 10.0.40219.1
Project("{9A19103F-16F7-4668-BE54-9A1E7A4F7556}") = "ServiceShop.Api.Author", "ServiceShop.Api.Author\ServiceShop.Api.Author.csproj", "{D7573C6A-BB90-4775-99B6-C03C8AE646AD}"
EndProject
Project("{9A19103F-16F7-4668-BE54-9A1E7A4F7556}") = "ServiceShop.Api.Book", "ServiceShop.Api.Book\ServiceShop.Api.Book.csproj", "{592E57CC-CB1F-4B48-9D13-0FBE418419BF}"
EndProject
Project("{9A19103F-16F7-4668-BE54-9A1E7A4F7556}") = "ServiceShop.Api.ShoppingCart", "ServiceShop.Api.ShoppingCart\ServiceShop.Api.ShoppingCart.csproj", "{BC531A14-ECA5-41D1-ADC3-50A1FF93CD26}"
EndProject
Project("{9A19103F-16F7-4668-BE54-9A1E7A4F7556}") = "ServiceShop.Api.Book.Tests", "ServiceShop.Api.Book.Tests\ServiceShop.Api.Book.Tests.csproj", "{578F7A51-6CE7-438B-9A89-7B5F88F78130}"
EndProject
Project("{2150E333-8FDC-42A3-9474-1A3956D46DE8}") = "Shared", "Shared", "{68047FB9-3DAD-4078-90F5-394D04A67F2C}"
EndProject
Project("{9A19103F-16F7-4668-BE54-9A1E7A4F7556}") = "ServiceShop.Shared.Setup", "Shared\ServiceShop.Shared.Setup\ServiceShop.Shared.Setup.csproj", "{450377FD-48DE-408F-8EF3-6B3C4917FDF3}"
EndProject
Project("{E53339B2-1760-4266-BCC7-CA923CBCF16C}") = "docker-compose", "docker-compose.dcproj", "{A0B34C40-F15A-4EC7-B659-4A9A66CFFD8A}"
EndProject
Project("{FAE04EC0-301F-11D3-BF4B-00C04F79EFBC}") = "ServiceShop.Api.Gateway", "ServiceShop.Api.Gateway\ServiceShop.Api.Gateway.csproj", "{34577228-B780-4D6E-B5A3-41115E77C701}"
EndProject
Global
	GlobalSection(SolutionConfigurationPlatforms) = preSolution
		Debug|Any CPU = Debug|Any CPU
		Release|Any CPU = Release|Any CPU
	EndGlobalSection
	GlobalSection(ProjectConfigurationPlatforms) = postSolution
		{D7573C6A-BB90-4775-99B6-C03C8AE646AD}.Debug|Any CPU.ActiveCfg = Debug|Any CPU
		{D7573C6A-BB90-4775-99B6-C03C8AE646AD}.Debug|Any CPU.Build.0 = Debug|Any CPU
		{D7573C6A-BB90-4775-99B6-C03C8AE646AD}.Release|Any CPU.ActiveCfg = Release|Any CPU
		{D7573C6A-BB90-4775-99B6-C03C8AE646AD}.Release|Any CPU.Build.0 = Release|Any CPU
		{592E57CC-CB1F-4B48-9D13-0FBE418419BF}.Debug|Any CPU.ActiveCfg = Debug|Any CPU
		{592E57CC-CB1F-4B48-9D13-0FBE418419BF}.Debug|Any CPU.Build.0 = Debug|Any CPU
		{592E57CC-CB1F-4B48-9D13-0FBE418419BF}.Release|Any CPU.ActiveCfg = Release|Any CPU
		{592E57CC-CB1F-4B48-9D13-0FBE418419BF}.Release|Any CPU.Build.0 = Release|Any CPU
		{BC531A14-ECA5-41D1-ADC3-50A1FF93CD26}.Debug|Any CPU.ActiveCfg = Debug|Any CPU
		{BC531A14-ECA5-41D1-ADC3-50A1FF93CD26}.Debug|Any CPU.Build.0 = Debug|Any CPU
		{BC531A14-ECA5-41D1-ADC3-50A1FF93CD26}.Release|Any CPU.ActiveCfg = Release|Any CPU
		{BC531A14-ECA5-41D1-ADC3-50A1FF93CD26}.Release|Any CPU.Build.0 = Release|Any CPU
		{578F7A51-6CE7-438B-9A89-7B5F88F78130}.Debug|Any CPU.ActiveCfg = Debug|Any CPU
		{578F7A51-6CE7-438B-9A89-7B5F88F78130}.Debug|Any CPU.Build.0 = Debug|Any CPU
		{578F7A51-6CE7-438B-9A89-7B5F88F78130}.Release|Any CPU.ActiveCfg = Release|Any CPU
		{578F7A51-6CE7-438B-9A89-7B5F88F78130}.Release|Any CPU.Build.0 = Release|Any CPU
		{450377FD-48DE-408F-8EF3-6B3C4917FDF3}.Debug|Any CPU.ActiveCfg = Debug|Any CPU
		{450377FD-48DE-408F-8EF3-6B3C4917FDF3}.Debug|Any CPU.Build.0 = Debug|Any CPU
		{450377FD-48DE-408F-8EF3-6B3C4917FDF3}.Release|Any CPU.ActiveCfg = Release|Any CPU
		{450377FD-48DE-408F-8EF3-6B3C4917FDF3}.Release|Any CPU.Build.0 = Release|Any CPU
		{A0B34C40-F15A-4EC7-B659-4A9A66CFFD8A}.Debug|Any CPU.ActiveCfg = Debug|Any CPU
		{A0B34C40-F15A-4EC7-B659-4A9A66CFFD8A}.Debug|Any CPU.Build.0 = Debug|Any CPU
		{A0B34C40-F15A-4EC7-B659-4A9A66CFFD8A}.Release|Any CPU.ActiveCfg = Release|Any CPU
		{A0B34C40-F15A-4EC7-B659-4A9A66CFFD8A}.Release|Any CPU.Build.0 = Release|Any CPU
		{34577228-B780-4D6E-B5A3-41115E77C701}.Debug|Any CPU.ActiveCfg = Debug|Any CPU
		{34577228-B780-4D6E-B5A3-41115E77C701}.Debug|Any CPU.Build.0 = Debug|Any CPU
		{34577228-B780-4D6E-B5A3-41115E77C701}.Release|Any CPU.ActiveCfg = Release|Any CPU
		{34577228-B780-4D6E-B5A3-41115E77C701}.Release|Any CPU.Build.0 = Release|Any CPU
	EndGlobalSection
	GlobalSection(SolutionProperties) = preSolution
		HideSolutionNode = FALSE
	EndGlobalSection
	GlobalSection(NestedProjects) = preSolution
		{450377FD-48DE-408F-8EF3-6B3C4917FDF3} = {68047FB9-3DAD-4078-90F5-394D04A67F2C}
	EndGlobalSection
	GlobalSection(ExtensibilityGlobals) = postSolution
		SolutionGuid = {3C5F1CD5-3C4A-4EA0-8552-73029E9884A8}
	EndGlobalSection
EndGlobal
